
Microsoft Visual Studio Solution File, Format Version 12.00
# Visual Studio Version 17
VisualStudioVersion = 17.4.33110.190
MinimumVisualStudioVersion = 10.0.40219.1
Project("{FAE04EC0-301F-11D3-BF4B-00C04F79EFBC}") = "FilmSystemAPI", "FilmSystemAPI\FilmSystemAPI.csproj", "{36FAE182-9C0F-4CC9-8005-124C01307C2D}"
EndProject
Global
	GlobalSection(SolutionConfigurationPlatforms) = preSolution
		Debug|Any CPU = Debug|Any CPU
		Release|Any CPU = Release|Any CPU
	EndGlobalSection
	GlobalSection(ProjectConfigurationPlatforms) = postSolution
		{36FAE182-9C0F-4CC9-8005-124C01307C2D}.Debug|Any CPU.ActiveCfg = Debug|Any CPU
		{36FAE182-9C0F-4CC9-8005-124C01307C2D}.Debug|Any CPU.Build.0 = Debug|Any CPU
		{36FAE182-9C0F-4CC9-8005-124C01307C2D}.Release|Any CPU.ActiveCfg = Release|Any CPU
		{36FAE182-9C0F-4CC9-8005-124C01307C2D}.Release|Any CPU.Build.0 = Release|Any CPU
	EndGlobalSection
	GlobalSection(SolutionProperties) = preSolution
		HideSolutionNode = FALSE
	EndGlobalSection
	GlobalSection(ExtensibilityGlobals) = postSolution
		SolutionGuid = {00F85B72-B70C-4429-8C21-850906E40A9E}
	EndGlobalSection
EndGlobal
